
Microsoft Visual Studio Solution File, Format Version 12.00
# Visual Studio Version 16
VisualStudioVersion = 16.0.30804.86
MinimumVisualStudioVersion = 10.0.40219.1
Project("{FAE04EC0-301F-11D3-BF4B-00C04F79EFBC}") = "Lecoin", "Lecoin\Lecoin.csproj", "{3DB594B4-F037-4FB3-B1D5-57F74F919158}"
EndProject
Global
	GlobalSection(SolutionConfigurationPlatforms) = preSolution
		Debug|Any CPU = Debug|Any CPU
		Release|Any CPU = Release|Any CPU
	EndGlobalSection
	GlobalSection(ProjectConfigurationPlatforms) = postSolution
		{3DB594B4-F037-4FB3-B1D5-57F74F919158}.Debug|Any CPU.ActiveCfg = Debug|Any CPU
		{3DB594B4-F037-4FB3-B1D5-57F74F919158}.Debug|Any CPU.Build.0 = Debug|Any CPU
		{3DB594B4-F037-4FB3-B1D5-57F74F919158}.Release|Any CPU.ActiveCfg = Release|Any CPU
		{3DB594B4-F037-4FB3-B1D5-57F74F919158}.Release|Any CPU.Build.0 = Release|Any CPU
	EndGlobalSection
	GlobalSection(SolutionProperties) = preSolution
		HideSolutionNode = FALSE
	EndGlobalSection
	GlobalSection(ExtensibilityGlobals) = postSolution
		SolutionGuid = {D2F0F0B1-4DD4-4332-9207-1093656CB6AD}
	EndGlobalSection
EndGlobal
